
Microsoft Visual Studio Solution File, Format Version 12.00
# Visual Studio Version 17
VisualStudioVersion = 17.7.34018.315
MinimumVisualStudioVersion = 10.0.40219.1
Project("{FAE04EC0-301F-11D3-BF4B-00C04F79EFBC}") = "Simula’s Soup", "Simula’s Soup\Simula’s Soup.csproj", "{0F6C4E76-6C3A-491A-A41A-076859AA5D60}"
EndProject
Global
	GlobalSection(SolutionConfigurationPlatforms) = preSolution
		Debug|Any CPU = Debug|Any CPU
		Release|Any CPU = Release|Any CPU
	EndGlobalSection
	GlobalSection(ProjectConfigurationPlatforms) = postSolution
		{0F6C4E76-6C3A-491A-A41A-076859AA5D60}.Debug|Any CPU.ActiveCfg = Debug|Any CPU
		{0F6C4E76-6C3A-491A-A41A-076859AA5D60}.Debug|Any CPU.Build.0 = Debug|Any CPU
		{0F6C4E76-6C3A-491A-A41A-076859AA5D60}.Release|Any CPU.ActiveCfg = Release|Any CPU
		{0F6C4E76-6C3A-491A-A41A-076859AA5D60}.Release|Any CPU.Build.0 = Release|Any CPU
	EndGlobalSection
	GlobalSection(SolutionProperties) = preSolution
		HideSolutionNode = FALSE
	EndGlobalSection
	GlobalSection(ExtensibilityGlobals) = postSolution
		SolutionGuid = {207D7CFE-F9B9-4429-BC1F-99BAB46CE4FB}
	EndGlobalSection
EndGlobal
