
Microsoft Visual Studio Solution File, Format Version 12.00
# Visual Studio Version 17
VisualStudioVersion = 17.7.34018.315
MinimumVisualStudioVersion = 10.0.40219.1
Project("{FAE04EC0-301F-11D3-BF4B-00C04F79EFBC}") = "Repairing the Clocktower", "Repairing the Clocktower\Repairing the Clocktower.csproj", "{BF317A61-A165-4AA2-B8CC-66F6303D0172}"
EndProject
Global
	GlobalSection(SolutionConfigurationPlatforms) = preSolution
		Debug|Any CPU = Debug|Any CPU
		Release|Any CPU = Release|Any CPU
	EndGlobalSection
	GlobalSection(ProjectConfigurationPlatforms) = postSolution
		{BF317A61-A165-4AA2-B8CC-66F6303D0172}.Debug|Any CPU.ActiveCfg = Debug|Any CPU
		{BF317A61-A165-4AA2-B8CC-66F6303D0172}.Debug|Any CPU.Build.0 = Debug|Any CPU
		{BF317A61-A165-4AA2-B8CC-66F6303D0172}.Release|Any CPU.ActiveCfg = Release|Any CPU
		{BF317A61-A165-4AA2-B8CC-66F6303D0172}.Release|Any CPU.Build.0 = Release|Any CPU
	EndGlobalSection
	GlobalSection(SolutionProperties) = preSolution
		HideSolutionNode = FALSE
	EndGlobalSection
	GlobalSection(ExtensibilityGlobals) = postSolution
		SolutionGuid = {B8C854F6-6538-4E43-A192-82C1352D0050}
	EndGlobalSection
EndGlobal
