
Microsoft Visual Studio Solution File, Format Version 12.00
# Visual Studio Version 17
VisualStudioVersion = 17.7.34018.315
MinimumVisualStudioVersion = 10.0.40219.1
Project("{FAE04EC0-301F-11D3-BF4B-00C04F79EFBC}") = "The Feud", "The Feud\The Feud.csproj", "{7831EB4D-2DD4-40FC-A6EF-EB04963CAECE}"
EndProject
Global
	GlobalSection(SolutionConfigurationPlatforms) = preSolution
		Debug|Any CPU = Debug|Any CPU
		Release|Any CPU = Release|Any CPU
	EndGlobalSection
	GlobalSection(ProjectConfigurationPlatforms) = postSolution
		{7831EB4D-2DD4-40FC-A6EF-EB04963CAECE}.Debug|Any CPU.ActiveCfg = Debug|Any CPU
		{7831EB4D-2DD4-40FC-A6EF-EB04963CAECE}.Debug|Any CPU.Build.0 = Debug|Any CPU
		{7831EB4D-2DD4-40FC-A6EF-EB04963CAECE}.Release|Any CPU.ActiveCfg = Release|Any CPU
		{7831EB4D-2DD4-40FC-A6EF-EB04963CAECE}.Release|Any CPU.Build.0 = Release|Any CPU
	EndGlobalSection
	GlobalSection(SolutionProperties) = preSolution
		HideSolutionNode = FALSE
	EndGlobalSection
	GlobalSection(ExtensibilityGlobals) = postSolution
		SolutionGuid = {ACC224BB-8F6F-466F-AD81-81390C663BC8}
	EndGlobalSection
EndGlobal
