
Microsoft Visual Studio Solution File, Format Version 12.00
# Visual Studio Version 17
VisualStudioVersion = 17.7.34018.315
MinimumVisualStudioVersion = 10.0.40219.1
Project("{FAE04EC0-301F-11D3-BF4B-00C04F79EFBC}") = "Hangman", "Hangman\Hangman.csproj", "{6F5B7961-CF46-4544-969D-7F094EBFD4D4}"
EndProject
Global
	GlobalSection(SolutionConfigurationPlatforms) = preSolution
		Debug|Any CPU = Debug|Any CPU
		Release|Any CPU = Release|Any CPU
	EndGlobalSection
	GlobalSection(ProjectConfigurationPlatforms) = postSolution
		{6F5B7961-CF46-4544-969D-7F094EBFD4D4}.Debug|Any CPU.ActiveCfg = Debug|Any CPU
		{6F5B7961-CF46-4544-969D-7F094EBFD4D4}.Debug|Any CPU.Build.0 = Debug|Any CPU
		{6F5B7961-CF46-4544-969D-7F094EBFD4D4}.Release|Any CPU.ActiveCfg = Release|Any CPU
		{6F5B7961-CF46-4544-969D-7F094EBFD4D4}.Release|Any CPU.Build.0 = Release|Any CPU
	EndGlobalSection
	GlobalSection(SolutionProperties) = preSolution
		HideSolutionNode = FALSE
	EndGlobalSection
	GlobalSection(ExtensibilityGlobals) = postSolution
		SolutionGuid = {9F4F31B1-6646-4436-86FF-5C4C6B58F5C3}
	EndGlobalSection
EndGlobal
